
Microsoft Visual Studio Solution File, Format Version 12.00
# Visual Studio Version 16
VisualStudioVersion = 16.0.31410.357
MinimumVisualStudioVersion = 10.0.40219.1
Project("{FAE04EC0-301F-11D3-BF4B-00C04F79EFBC}") = "example.iText7pdfgeneration", "example.iText7pdfgeneration.csproj", "{C319CEE8-F07C-4B6C-88BF-BC2F32561631}"
EndProject
Global
	GlobalSection(SolutionConfigurationPlatforms) = preSolution
		Debug|Any CPU = Debug|Any CPU
		Release|Any CPU = Release|Any CPU
	EndGlobalSection
	GlobalSection(ProjectConfigurationPlatforms) = postSolution
		{C319CEE8-F07C-4B6C-88BF-BC2F32561631}.Debug|Any CPU.ActiveCfg = Debug|Any CPU
		{C319CEE8-F07C-4B6C-88BF-BC2F32561631}.Debug|Any CPU.Build.0 = Debug|Any CPU
		{C319CEE8-F07C-4B6C-88BF-BC2F32561631}.Release|Any CPU.ActiveCfg = Release|Any CPU
		{C319CEE8-F07C-4B6C-88BF-BC2F32561631}.Release|Any CPU.Build.0 = Release|Any CPU
	EndGlobalSection
	GlobalSection(SolutionProperties) = preSolution
		HideSolutionNode = FALSE
	EndGlobalSection
	GlobalSection(ExtensibilityGlobals) = postSolution
		SolutionGuid = {B553F0B4-391F-4FB3-8D64-6797AC2BC1B5}
	EndGlobalSection
EndGlobal
